// !$*UTF8*$!
{
	archiveVersion = 1;
	classes = {
	};
	objectVersion = 46;
	objects = {

/* Begin PBXBuildFile section */
		5E342AB61F3AC2BE007FA265 /* AppDelegate.swift in Sources */ = {isa = PBXBuildFile; fileRef = 5E342AB51F3AC2BE007FA265 /* AppDelegate.swift */; };
		5E342AB81F3AC2BE007FA265 /* ViewController.swift in Sources */ = {isa = PBXBuildFile; fileRef = 5E342AB71F3AC2BE007FA265 /* ViewController.swift */; };
		5E342ABA1F3AC2BE007FA265 /* Assets.xcassets in Resources */ = {isa = PBXBuildFile; fileRef = 5E342AB91F3AC2BE007FA265 /* Assets.xcassets */; };
		5E342ABD1F3AC2BE007FA265 /* Main.storyboard in Resources */ = {isa = PBXBuildFile; fileRef = 5E342ABB1F3AC2BE007FA265 /* Main.storyboard */; };
		5E342AC81F3AC2BE007FA265 /* MultiViewsTests.swift in Sources */ = {isa = PBXBuildFile; fileRef = 5E342AC71F3AC2BE007FA265 /* MultiViewsTests.swift */; };
		5E342AD31F3AC2BE007FA265 /* MultiViewsUITests.swift in Sources */ = {isa = PBXBuildFile; fileRef = 5E342AD21F3AC2BE007FA265 /* MultiViewsUITests.swift */; };
		5E342AE11F3AC358007FA265 /* CartesianView.swift in Sources */ = {isa = PBXBuildFile; fileRef = 5E342AE01F3AC358007FA265 /* CartesianView.swift */; };
		5E8694411F411600000B94ED /* GridCartesianView.swift in Sources */ = {isa = PBXBuildFile; fileRef = 5E8694401F411600000B94ED /* GridCartesianView.swift */; };
		5EF6B6521F3D2B9100496F7D /* PolarPattern.swift in Sources */ = {isa = PBXBuildFile; fileRef = 5EF6B6511F3D2B9100496F7D /* PolarPattern.swift */; };
/* End PBXBuildFile section */

/* Begin PBXContainerItemProxy section */
		5E342AC41F3AC2BE007FA265 /* PBXContainerItemProxy */ = {
			isa = PBXContainerItemProxy;
			containerPortal = 5E342AAA1F3AC2BE007FA265 /* Project object */;
			proxyType = 1;
			remoteGlobalIDString = 5E342AB11F3AC2BE007FA265;
			remoteInfo = MultiViews;
		};
		5E342ACF1F3AC2BE007FA265 /* PBXContainerItemProxy */ = {
			isa = PBXContainerItemProxy;
			containerPortal = 5E342AAA1F3AC2BE007FA265 /* Project object */;
			proxyType = 1;
			remoteGlobalIDString = 5E342AB11F3AC2BE007FA265;
			remoteInfo = MultiViews;
		};
/* End PBXContainerItemProxy section */

/* Begin PBXFileReference section */
		5E342AB21F3AC2BE007FA265 /* MultiViews.app */ = {isa = PBXFileReference; explicitFileType = wrapper.application; includeInIndex = 0; path = MultiViews.app; sourceTree = BUILT_PRODUCTS_DIR; };
		5E342AB51F3AC2BE007FA265 /* AppDelegate.swift */ = {isa = PBXFileReference; lastKnownFileType = sourcecode.swift; path = AppDelegate.swift; sourceTree = "<group>"; };
		5E342AB71F3AC2BE007FA265 /* ViewController.swift */ = {isa = PBXFileReference; lastKnownFileType = sourcecode.swift; path = ViewController.swift; sourceTree = "<group>"; };
		5E342AB91F3AC2BE007FA265 /* Assets.xcassets */ = {isa = PBXFileReference; lastKnownFileType = folder.assetcatalog; path = Assets.xcassets; sourceTree = "<group>"; };
		5E342ABC1F3AC2BE007FA265 /* Base */ = {isa = PBXFileReference; lastKnownFileType = file.storyboard; name = Base; path = Base.lproj/Main.storyboard; sourceTree = "<group>"; };
		5E342ABE1F3AC2BE007FA265 /* Info.plist */ = {isa = PBXFileReference; lastKnownFileType = text.plist.xml; path = Info.plist; sourceTree = "<group>"; };
		5E342AC31F3AC2BE007FA265 /* MultiViewsTests.xctest */ = {isa = PBXFileReference; explicitFileType = wrapper.cfbundle; includeInIndex = 0; path = MultiViewsTests.xctest; sourceTree = BUILT_PRODUCTS_DIR; };
		5E342AC71F3AC2BE007FA265 /* MultiViewsTests.swift */ = {isa = PBXFileReference; lastKnownFileType = sourcecode.swift; path = MultiViewsTests.swift; sourceTree = "<group>"; };
		5E342AC91F3AC2BE007FA265 /* Info.plist */ = {isa = PBXFileReference; lastKnownFileType = text.plist.xml; path = Info.plist; sourceTree = "<group>"; };
		5E342ACE1F3AC2BE007FA265 /* MultiViewsUITests.xctest */ = {isa = PBXFileReference; explicitFileType = wrapper.cfbundle; includeInIndex = 0; path = MultiViewsUITests.xctest; sourceTree = BUILT_PRODUCTS_DIR; };
		5E342AD21F3AC2BE007FA265 /* MultiViewsUITests.swift */ = {isa = PBXFileReference; lastKnownFileType = sourcecode.swift; path = MultiViewsUITests.swift; sourceTree = "<group>"; };
		5E342AD41F3AC2BE007FA265 /* Info.plist */ = {isa = PBXFileReference; lastKnownFileType = text.plist.xml; path = Info.plist; sourceTree = "<group>"; };
		5E342AE01F3AC358007FA265 /* CartesianView.swift */ = {isa = PBXFileReference; fileEncoding = 4; lastKnownFileType = sourcecode.swift; path = CartesianView.swift; sourceTree = "<group>"; };
		5E8694401F411600000B94ED /* GridCartesianView.swift */ = {isa = PBXFileReference; fileEncoding = 4; lastKnownFileType = sourcecode.swift; path = GridCartesianView.swift; sourceTree = "<group>"; };
		5EF6B6511F3D2B9100496F7D /* PolarPattern.swift */ = {isa = PBXFileReference; fileEncoding = 4; lastKnownFileType = sourcecode.swift; path = PolarPattern.swift; sourceTree = "<group>"; };
/* End PBXFileReference section */

/* Begin PBXFrameworksBuildPhase section */
		5E342AAF1F3AC2BE007FA265 /* Frameworks */ = {
			isa = PBXFrameworksBuildPhase;
			buildActionMask = 2147483647;
			files = (
			);
			runOnlyForDeploymentPostprocessing = 0;
		};
		5E342AC01F3AC2BE007FA265 /* Frameworks */ = {
			isa = PBXFrameworksBuildPhase;
			buildActionMask = 2147483647;
			files = (
			);
			runOnlyForDeploymentPostprocessing = 0;
		};
		5E342ACB1F3AC2BE007FA265 /* Frameworks */ = {
			isa = PBXFrameworksBuildPhase;
			buildActionMask = 2147483647;
			files = (
			);
			runOnlyForDeploymentPostprocessing = 0;
		};
/* End PBXFrameworksBuildPhase section */

/* Begin PBXGroup section */
		5E342AA91F3AC2BE007FA265 = {
			isa = PBXGroup;
			children = (
				5E342AB41F3AC2BE007FA265 /* MultiViews */,
				5E342AC61F3AC2BE007FA265 /* MultiViewsTests */,
				5E342AB31F3AC2BE007FA265 /* Products */,
			);
			sourceTree = "<group>";
		};
		5E342AB31F3AC2BE007FA265 /* Products */ = {
			isa = PBXGroup;
			children = (
				5E342AB21F3AC2BE007FA265 /* MultiViews.app */,
				5E342AC31F3AC2BE007FA265 /* MultiViewsTests.xctest */,
				5E342ACE1F3AC2BE007FA265 /* MultiViewsUITests.xctest */,
			);
			name = Products;
			sourceTree = "<group>";
		};
		5E342AB41F3AC2BE007FA265 /* MultiViews */ = {
			isa = PBXGroup;
			children = (
				5E342AB51F3AC2BE007FA265 /* AppDelegate.swift */,
				5E342AB71F3AC2BE007FA265 /* ViewController.swift */,
				5E342AE01F3AC358007FA265 /* CartesianView.swift */,
				5E8694401F411600000B94ED /* GridCartesianView.swift */,
				5EF6B6511F3D2B9100496F7D /* PolarPattern.swift */,
				5E342AB91F3AC2BE007FA265 /* Assets.xcassets */,
				5E342ABB1F3AC2BE007FA265 /* Main.storyboard */,
				5E342ABE1F3AC2BE007FA265 /* Info.plist */,
			);
			path = MultiViews;
			sourceTree = "<group>";
		};
		5E342AC61F3AC2BE007FA265 /* MultiViewsTests */ = {
			isa = PBXGroup;
			children = (
				5E342AD11F3AC2BE007FA265 /* MultiViewsUITests */,
				5E342AC71F3AC2BE007FA265 /* MultiViewsTests.swift */,
				5E342AC91F3AC2BE007FA265 /* Info.plist */,
			);
			path = MultiViewsTests;
			sourceTree = "<group>";
		};
		5E342AD11F3AC2BE007FA265 /* MultiViewsUITests */ = {
			isa = PBXGroup;
			children = (
				5E342AD21F3AC2BE007FA265 /* MultiViewsUITests.swift */,
				5E342AD41F3AC2BE007FA265 /* Info.plist */,
			);
			name = MultiViewsUITests;
			path = ../MultiViewsUITests;
			sourceTree = "<group>";
		};
/* End PBXGroup section */

/* Begin PBXNativeTarget section */
		5E342AB11F3AC2BE007FA265 /* MultiViews */ = {
			isa = PBXNativeTarget;
			buildConfigurationList = 5E342AD71F3AC2BE007FA265 /* Build configuration list for PBXNativeTarget "MultiViews" */;
			buildPhases = (
				5E342AAE1F3AC2BE007FA265 /* Sources */,
				5E342AAF1F3AC2BE007FA265 /* Frameworks */,
				5E342AB01F3AC2BE007FA265 /* Resources */,
			);
			buildRules = (
			);
			dependencies = (
			);
			name = MultiViews;
			productName = MultiViews;
			productReference = 5E342AB21F3AC2BE007FA265 /* MultiViews.app */;
			productType = "com.apple.product-type.application";
		};
		5E342AC21F3AC2BE007FA265 /* MultiViewsTests */ = {
			isa = PBXNativeTarget;
			buildConfigurationList = 5E342ADA1F3AC2BE007FA265 /* Build configuration list for PBXNativeTarget "MultiViewsTests" */;
			buildPhases = (
				5E342ABF1F3AC2BE007FA265 /* Sources */,
				5E342AC01F3AC2BE007FA265 /* Frameworks */,
				5E342AC11F3AC2BE007FA265 /* Resources */,
			);
			buildRules = (
			);
			dependencies = (
				5E342AC51F3AC2BE007FA265 /* PBXTargetDependency */,
			);
			name = MultiViewsTests;
			productName = MultiViewsTests;
			productReference = 5E342AC31F3AC2BE007FA265 /* MultiViewsTests.xctest */;
			productType = "com.apple.product-type.bundle.unit-test";
		};
		5E342ACD1F3AC2BE007FA265 /* MultiViewsUITests */ = {
			isa = PBXNativeTarget;
			buildConfigurationList = 5E342ADD1F3AC2BE007FA265 /* Build configuration list for PBXNativeTarget "MultiViewsUITests" */;
			buildPhases = (
				5E342ACA1F3AC2BE007FA265 /* Sources */,
				5E342ACB1F3AC2BE007FA265 /* Frameworks */,
				5E342ACC1F3AC2BE007FA265 /* Resources */,
			);
			buildRules = (
			);
			dependencies = (
				5E342AD01F3AC2BE007FA265 /* PBXTargetDependency */,
			);
			name = MultiViewsUITests;
			productName = MultiViewsUITests;
			productReference = 5E342ACE1F3AC2BE007FA265 /* MultiViewsUITests.xctest */;
			productType = "com.apple.product-type.bundle.ui-testing";
		};
/* End PBXNativeTarget section */

/* Begin PBXProject section */
		5E342AAA1F3AC2BE007FA265 /* Project object */ = {
			isa = PBXProject;
			attributes = {
				LastSwiftUpdateCheck = 0830;
				LastUpgradeCheck = 0830;
				ORGANIZATIONNAME = george;
				TargetAttributes = {
					5E342AB11F3AC2BE007FA265 = {
						CreatedOnToolsVersion = 8.3.3;
						ProvisioningStyle = Automatic;
					};
					5E342AC21F3AC2BE007FA265 = {
						CreatedOnToolsVersion = 8.3.3;
						ProvisioningStyle = Automatic;
						TestTargetID = 5E342AB11F3AC2BE007FA265;
					};
					5E342ACD1F3AC2BE007FA265 = {
						CreatedOnToolsVersion = 8.3.3;
						ProvisioningStyle = Automatic;
						TestTargetID = 5E342AB11F3AC2BE007FA265;
					};
				};
			};
			buildConfigurationList = 5E342AAD1F3AC2BE007FA265 /* Build configuration list for PBXProject "MultiViews" */;
			compatibilityVersion = "Xcode 3.2";
			developmentRegion = English;
			hasScannedForEncodings = 0;
			knownRegions = (
				en,
				Base,
			);
			mainGroup = 5E342AA91F3AC2BE007FA265;
			productRefGroup = 5E342AB31F3AC2BE007FA265 /* Products */;
			projectDirPath = "";
			projectRoot = "";
			targets = (
				5E342AB11F3AC2BE007FA265 /* MultiViews */,
				5E342AC21F3AC2BE007FA265 /* MultiViewsTests */,
				5E342ACD1F3AC2BE007FA265 /* MultiViewsUITests */,
			);
		};
/* End PBXProject section */

/* Begin PBXResourcesBuildPhase section */
		5E342AB01F3AC2BE007FA265 /* Resources */ = {
			isa = PBXResourcesBuildPhase;
			buildActionMask = 2147483647;
			files = (
				5E342ABA1F3AC2BE007FA265 /* Assets.xcassets in Resources */,
				5E342ABD1F3AC2BE007FA265 /* Main.storyboard in Resources */,
			);
			runOnlyForDeploymentPostprocessing = 0;
		};
		5E342AC11F3AC2BE007FA265 /* Resources */ = {
			isa = PBXResourcesBuildPhase;
			buildActionMask = 2147483647;
			files = (
			);
			runOnlyForDeploymentPostprocessing = 0;
		};
		5E342ACC1F3AC2BE007FA265 /* Resources */ = {
			isa = PBXResourcesBuildPhase;
			buildActionMask = 2147483647;
			files = (
			);
			runOnlyForDeploymentPostprocessing = 0;
		};
/* End PBXResourcesBuildPhase section */

/* Begin PBXSourcesBuildPhase section */
		5E342AAE1F3AC2BE007FA265 /* Sources */ = {
			isa = PBXSourcesBuildPhase;
			buildActionMask = 2147483647;
			files = (
				5E342AB81F3AC2BE007FA265 /* ViewController.swift in Sources */,
				5EF6B6521F3D2B9100496F7D /* PolarPattern.swift in Sources */,
				5E342AB61F3AC2BE007FA265 /* AppDelegate.swift in Sources */,
				5E8694411F411600000B94ED /* GridCartesianView.swift in Sources */,
				5E342AE11F3AC358007FA265 /* CartesianView.swift in Sources */,
			);
			runOnlyForDeploymentPostprocessing = 0;
		};
		5E342ABF1F3AC2BE007FA265 /* Sources */ = {
			isa = PBXSourcesBuildPhase;
			buildActionMask = 2147483647;
			files = (
				5E342AC81F3AC2BE007FA265 /* MultiViewsTests.swift in Sources */,
			);
			runOnlyForDeploymentPostprocessing = 0;
		};
		5E342ACA1F3AC2BE007FA265 /* Sources */ = {
			isa = PBXSourcesBuildPhase;
			buildActionMask = 2147483647;
			files = (
				5E342AD31F3AC2BE007FA265 /* MultiViewsUITests.swift in Sources */,
			);
			runOnlyForDeploymentPostprocessing = 0;
		};
/* End PBXSourcesBuildPhase section */

/* Begin PBXTargetDependency section */
		5E342AC51F3AC2BE007FA265 /* PBXTargetDependency */ = {
			isa = PBXTargetDependency;
			target = 5E342AB11F3AC2BE007FA265 /* MultiViews */;
			targetProxy = 5E342AC41F3AC2BE007FA265 /* PBXContainerItemProxy */;
		};
		5E342AD01F3AC2BE007FA265 /* PBXTargetDependency */ = {
			isa = PBXTargetDependency;
			target = 5E342AB11F3AC2BE007FA265 /* MultiViews */;
			targetProxy = 5E342ACF1F3AC2BE007FA265 /* PBXContainerItemProxy */;
		};
/* End PBXTargetDependency section */

/* Begin PBXVariantGroup section */
		5E342ABB1F3AC2BE007FA265 /* Main.storyboard */ = {
			isa = PBXVariantGroup;
			children = (
				5E342ABC1F3AC2BE007FA265 /* Base */,
			);
			name = Main.storyboard;
			sourceTree = "<group>";
		};
/* End PBXVariantGroup section */

/* Begin XCBuildConfiguration section */
		5E342AD51F3AC2BE007FA265 /* Debug */ = {
			isa = XCBuildConfiguration;
			buildSettings = {
				ALWAYS_SEARCH_USER_PATHS = NO;
				CLANG_ANALYZER_NONNULL = YES;
				CLANG_ANALYZER_NUMBER_OBJECT_CONVERSION = YES_AGGRESSIVE;
				CLANG_CXX_LANGUAGE_STANDARD = "gnu++0x";
				CLANG_CXX_LIBRARY = "libc++";
				CLANG_ENABLE_MODULES = YES;
				CLANG_ENABLE_OBJC_ARC = YES;
				CLANG_WARN_BOOL_CONVERSION = YES;
				CLANG_WARN_CONSTANT_CONVERSION = YES;
				CLANG_WARN_DIRECT_OBJC_ISA_USAGE = YES_ERROR;
				CLANG_WARN_DOCUMENTATION_COMMENTS = YES;
				CLANG_WARN_EMPTY_BODY = YES;
				CLANG_WARN_ENUM_CONVERSION = YES;
				CLANG_WARN_INFINITE_RECURSION = YES;
				CLANG_WARN_INT_CONVERSION = YES;
				CLANG_WARN_OBJC_ROOT_CLASS = YES_ERROR;
				CLANG_WARN_SUSPICIOUS_MOVE = YES;
				CLANG_WARN_UNREACHABLE_CODE = YES;
				CLANG_WARN__DUPLICATE_METHOD_MATCH = YES;
				CODE_SIGN_IDENTITY = "-";
				COPY_PHASE_STRIP = NO;
				DEBUG_INFORMATION_FORMAT = dwarf;
				ENABLE_STRICT_OBJC_MSGSEND = YES;
				ENABLE_TESTABILITY = YES;
				GCC_C_LANGUAGE_STANDARD = gnu99;
				GCC_DYNAMIC_NO_PIC = NO;
				GCC_NO_COMMON_BLOCKS = YES;
				GCC_OPTIMIZATION_LEVEL = 0;
				GCC_PREPROCESSOR_DEFINITIONS = (
					"DEBUG=1",
					"$(inherited)",
				);
				GCC_WARN_64_TO_32_BIT_CONVERSION = YES;
				GCC_WARN_ABOUT_RETURN_TYPE = YES_ERROR;
				GCC_WARN_UNDECLARED_SELECTOR = YES;
				GCC_WARN_UNINITIALIZED_AUTOS = YES_AGGRESSIVE;
				GCC_WARN_UNUSED_FUNCTION = YES;
				GCC_WARN_UNUSED_VARIABLE = YES;
				MACOSX_DEPLOYMENT_TARGET = 10.12;
				MTL_ENABLE_DEBUG_INFO = YES;
				ONLY_ACTIVE_ARCH = YES;
				SDKROOT = macosx;
				SWIFT_ACTIVE_COMPILATION_CONDITIONS = DEBUG;
				SWIFT_OPTIMIZATION_LEVEL = "-Onone";
			};
			name = Debug;
		};
		5E342AD61F3AC2BE007FA265 /* Release */ = {
			isa = XCBuildConfiguration;
			buildSettings = {
				ALWAYS_SEARCH_USER_PATHS = NO;
				CLANG_ANALYZER_NONNULL = YES;
				CLANG_ANALYZER_NUMBER_OBJECT_CONVERSION = YES_AGGRESSIVE;
				CLANG_CXX_LANGUAGE_STANDARD = "gnu++0x";
				CLANG_CXX_LIBRARY = "libc++";
				CLANG_ENABLE_MODULES = YES;
				CLANG_ENABLE_OBJC_ARC = YES;
				CLANG_WARN_BOOL_CONVERSION = YES;
				CLANG_WARN_CONSTANT_CONVERSION = YES;
				CLANG_WARN_DIRECT_OBJC_ISA_USAGE = YES_ERROR;
				CLANG_WARN_DOCUMENTATION_COMMENTS = YES;
				CLANG_WARN_EMPTY_BODY = YES;
				CLANG_WARN_ENUM_CONVERSION = YES;
				CLANG_WARN_INFINITE_RECURSION = YES;
				CLANG_WARN_INT_CONVERSION = YES;
				CLANG_WARN_OBJC_ROOT_CLASS = YES_ERROR;
				CLANG_WARN_SUSPICIOUS_MOVE = YES;
				CLANG_WARN_UNREACHABLE_CODE = YES;
				CLANG_WARN__DUPLICATE_METHOD_MATCH = YES;
				CODE_SIGN_IDENTITY = "-";
				COPY_PHASE_STRIP = NO;
				DEBUG_INFORMATION_FORMAT = "dwarf-with-dsym";
				ENABLE_NS_ASSERTIONS = NO;
				ENABLE_STRICT_OBJC_MSGSEND = YES;
				GCC_C_LANGUAGE_STANDARD = gnu99;
				GCC_NO_COMMON_BLOCKS = YES;
				GCC_WARN_64_TO_32_BIT_CONVERSION = YES;
				GCC_WARN_ABOUT_RETURN_TYPE = YES_ERROR;
				GCC_WARN_UNDECLARED_SELECTOR = YES;
				GCC_WARN_UNINITIALIZED_AUTOS = YES_AGGRESSIVE;
				GCC_WARN_UNUSED_FUNCTION = YES;
				GCC_WARN_UNUSED_VARIABLE = YES;
				MACOSX_DEPLOYMENT_TARGET = 10.12;
				MTL_ENABLE_DEBUG_INFO = NO;
				SDKROOT = macosx;
				SWIFT_OPTIMIZATION_LEVEL = "-Owholemodule";
			};
			name = Release;
		};
		5E342AD81F3AC2BE007FA265 /* Debug */ = {
			isa = XCBuildConfiguration;
			buildSettings = {
				ASSETCATALOG_COMPILER_APPICON_NAME = AppIcon;
				COMBINE_HIDPI_IMAGES = YES;
				INFOPLIST_FILE = MultiViews/Info.plist;
				LD_RUNPATH_SEARCH_PATHS = "$(inherited) @executable_path/../Frameworks";
				PRODUCT_BUNDLE_IDENTIFIER = com.georgedubrik.MultiViews;
				PRODUCT_NAME = "$(TARGET_NAME)";
				SWIFT_VERSION = 3.0;
			};
			name = Debug;
		};
		5E342AD91F3AC2BE007FA265 /* Release */ = {
			isa = XCBuildConfiguration;
			buildSettings = {
				ASSETCATALOG_COMPILER_APPICON_NAME = AppIcon;
				COMBINE_HIDPI_IMAGES = YES;
				INFOPLIST_FILE = MultiViews/Info.plist;
				LD_RUNPATH_SEARCH_PATHS = "$(inherited) @executable_path/../Frameworks";
				PRODUCT_BUNDLE_IDENTIFIER = com.georgedubrik.MultiViews;
				PRODUCT_NAME = "$(TARGET_NAME)";
				SWIFT_VERSION = 3.0;
			};
			name = Release;
		};
		5E342ADB1F3AC2BE007FA265 /* Debug */ = {
			isa = XCBuildConfiguration;
			buildSettings = {
				ALWAYS_EMBED_SWIFT_STANDARD_LIBRARIES = YES;
				BUNDLE_LOADER = "$(TEST_HOST)";
				COMBINE_HIDPI_IMAGES = YES;
				INFOPLIST_FILE = MultiViewsTests/Info.plist;
				LD_RUNPATH_SEARCH_PATHS = "$(inherited) @executable_path/../Frameworks @loader_path/../Frameworks";
				PRODUCT_BUNDLE_IDENTIFIER = com.georgedubrik.MultiViewsTests;
				PRODUCT_NAME = "$(TARGET_NAME)";
				SWIFT_VERSION = 3.0;
				TEST_HOST = "$(BUILT_PRODUCTS_DIR)/MultiViews.app/Contents/MacOS/MultiViews";
			};
			name = Debug;
		};
		5E342ADC1F3AC2BE007FA265 /* Release */ = {
			isa = XCBuildConfiguration;
			buildSettings = {
				ALWAYS_EMBED_SWIFT_STANDARD_LIBRARIES = YES;
				BUNDLE_LOADER = "$(TEST_HOST)";
				COMBINE_HIDPI_IMAGES = YES;
				INFOPLIST_FILE = MultiViewsTests/Info.plist;
				LD_RUNPATH_SEARCH_PATHS = "$(inherited) @executable_path/../Frameworks @loader_path/../Frameworks";
				PRODUCT_BUNDLE_IDENTIFIER = com.georgedubrik.MultiViewsTests;
				PRODUCT_NAME = "$(TARGET_NAME)";
				SWIFT_VERSION = 3.0;
				TEST_HOST = "$(BUILT_PRODUCTS_DIR)/MultiViews.app/Contents/MacOS/MultiViews";
			};
			name = Release;
		};
		5E342ADE1F3AC2BE007FA265 /* Debug */ = {
			isa = XCBuildConfiguration;
			buildSettings = {
				ALWAYS_EMBED_SWIFT_STANDARD_LIBRARIES = YES;
				COMBINE_HIDPI_IMAGES = YES;
				INFOPLIST_FILE = MultiViewsUITests/Info.plist;
				LD_RUNPATH_SEARCH_PATHS = "$(inherited) @executable_path/../Frameworks @loader_path/../Frameworks";
				PRODUCT_BUNDLE_IDENTIFIER = com.georgedubrik.MultiViewsUITests;
				PRODUCT_NAME = "$(TARGET_NAME)";
				SWIFT_VERSION = 3.0;
				TEST_TARGET_NAME = MultiViews;
			};
			name = Debug;
		};
		5E342ADF1F3AC2BE007FA265 /* Release */ = {
			isa = XCBuildConfiguration;
			buildSettings = {
				ALWAYS_EMBED_SWIFT_STANDARD_LIBRARIES = YES;
				COMBINE_HIDPI_IMAGES = YES;
				INFOPLIST_FILE = MultiViewsUITests/Info.plist;
				LD_RUNPATH_SEARCH_PATHS = "$(inherited) @executable_path/../Frameworks @loader_path/../Frameworks";
				PRODUCT_BUNDLE_IDENTIFIER = com.georgedubrik.MultiViewsUITests;
				PRODUCT_NAME = "$(TARGET_NAME)";
				SWIFT_VERSION = 3.0;
				TEST_TARGET_NAME = MultiViews;
			};
			name = Release;
		};
/* End XCBuildConfiguration section */

/* Begin XCConfigurationList section */
		5E342AAD1F3AC2BE007FA265 /* Build configuration list for PBXProject "MultiViews" */ = {
			isa = XCConfigurationList;
			buildConfigurations = (
				5E342AD51F3AC2BE007FA265 /* Debug */,
				5E342AD61F3AC2BE007FA265 /* Release */,
			);
			defaultConfigurationIsVisible = 0;
			defaultConfigurationName = Release;
		};
		5E342AD71F3AC2BE007FA265 /* Build configuration list for PBXNativeTarget "MultiViews" */ = {
			isa = XCConfigurationList;
			buildConfigurations = (
				5E342AD81F3AC2BE007FA265 /* Debug */,
				5E342AD91F3AC2BE007FA265 /* Release */,
			);
			defaultConfigurationIsVisible = 0;
			defaultConfigurationName = Release;
		};
		5E342ADA1F3AC2BE007FA265 /* Build configuration list for PBXNativeTarget "MultiViewsTests" */ = {
			isa = XCConfigurationList;
			buildConfigurations = (
				5E342ADB1F3AC2BE007FA265 /* Debug */,
				5E342ADC1F3AC2BE007FA265 /* Release */,
			);
			defaultConfigurationIsVisible = 0;
			defaultConfigurationName = Release;
		};
		5E342ADD1F3AC2BE007FA265 /* Build configuration list for PBXNativeTarget "MultiViewsUITests" */ = {
			isa = XCConfigurationList;
			buildConfigurations = (
				5E342ADE1F3AC2BE007FA265 /* Debug */,
				5E342ADF1F3AC2BE007FA265 /* Release */,
			);
			defaultConfigurationIsVisible = 0;
			defaultConfigurationName = Release;
		};
/* End XCConfigurationList section */
	};
	rootObject = 5E342AAA1F3AC2BE007FA265 /* Project object */;
}
